
Microsoft Visual Studio Solution File, Format Version 12.00
# Visual Studio Version 17
VisualStudioVersion = 17.11.35327.3
MinimumVisualStudioVersion = 10.0.40219.1
Project("{2150E333-8FDC-42A3-9474-1A3956D46DE8}") = "ChefIA.Api", "ChefIA.Api", "{A3F3C912-3457-4BAD-BF6B-F8C06B97298D}"
EndProject
Project("{2150E333-8FDC-42A3-9474-1A3956D46DE8}") = "ChefIA.Application", "ChefIA.Application", "{431948BA-0842-4911-A83E-DFB5B9B5A4F2}"
EndProject
Project("{2150E333-8FDC-42A3-9474-1A3956D46DE8}") = "ChefIA.Domain", "ChefIA.Domain", "{EFDC1DC4-A1EA-4524-90E8-44E0908113F1}"
EndProject
Project("{2150E333-8FDC-42A3-9474-1A3956D46DE8}") = "ChefIA.Infra", "ChefIA.Infra", "{A75D80F3-5799-44B9-839F-0CF5950B3927}"
EndProject
Project("{2150E333-8FDC-42A3-9474-1A3956D46DE8}") = "ChefIA.Infra.Data", "ChefIA.Infra.Data", "{050222CC-A9D1-4C17-B413-158F20DF3BCB}"
EndProject
Project("{2150E333-8FDC-42A3-9474-1A3956D46DE8}") = "ChefIA.Infra.CrossCutting", "ChefIA.Infra.CrossCutting", "{0D0BE32E-05C2-465E-AE26-41E93B1B08DC}"
EndProject
Project("{9A19103F-16F7-4668-BE54-9A1E7A4F7556}") = "ChefIA.Api", "ChefIA.Api\ChefIA.Api\ChefIA.Api.csproj", "{A1350494-8401-49B8-8F00-FD0402197332}"
EndProject
Project("{FAE04EC0-301F-11D3-BF4B-00C04F79EFBC}") = "ChefIA.Application", "ChefIA.Application\ChefIA.Application.csproj", "{F305B71F-E38F-4BA0-9D8A-AA531733E7EB}"
EndProject
Project("{FAE04EC0-301F-11D3-BF4B-00C04F79EFBC}") = "ChefIA.Domain", "ChefIA.Domain\ChefIA.Domain.csproj", "{187E4434-78EC-4DAE-B686-83295105AE9A}"
EndProject
Project("{FAE04EC0-301F-11D3-BF4B-00C04F79EFBC}") = "ChefIA.Infra.CrossCutting", "ChefIA.Infra.CrossCutting\ChefIA.Infra.CrossCutting.csproj", "{ADA7D4A7-23EF-42B9-8C26-A46F1B03D9C8}"
EndProject
Project("{FAE04EC0-301F-11D3-BF4B-00C04F79EFBC}") = "ChefIA.Infra.Data", "ChefIA.Infra.Data\ChefIA.Infra.Data.csproj", "{7CAAB544-ADAF-41B5-AC64-6C216C5BF45E}"
EndProject
Project("{2150E333-8FDC-42A3-9474-1A3956D46DE8}") = "Itens de Solução", "Itens de Solução", "{380A7511-A354-6D7A-0CC0-8FA1F1BA7B6C}"
	ProjectSection(SolutionItems) = preProject
		README.md = README.md
	EndProjectSection
EndProject
Global
	GlobalSection(SolutionConfigurationPlatforms) = preSolution
		Debug|Any CPU = Debug|Any CPU
		Release|Any CPU = Release|Any CPU
	EndGlobalSection
	GlobalSection(ProjectConfigurationPlatforms) = postSolution
		{A1350494-8401-49B8-8F00-FD0402197332}.Debug|Any CPU.ActiveCfg = Debug|Any CPU
		{A1350494-8401-49B8-8F00-FD0402197332}.Debug|Any CPU.Build.0 = Debug|Any CPU
		{A1350494-8401-49B8-8F00-FD0402197332}.Release|Any CPU.ActiveCfg = Release|Any CPU
		{A1350494-8401-49B8-8F00-FD0402197332}.Release|Any CPU.Build.0 = Release|Any CPU
		{F305B71F-E38F-4BA0-9D8A-AA531733E7EB}.Debug|Any CPU.ActiveCfg = Debug|Any CPU
		{F305B71F-E38F-4BA0-9D8A-AA531733E7EB}.Debug|Any CPU.Build.0 = Debug|Any CPU
		{F305B71F-E38F-4BA0-9D8A-AA531733E7EB}.Release|Any CPU.ActiveCfg = Release|Any CPU
		{F305B71F-E38F-4BA0-9D8A-AA531733E7EB}.Release|Any CPU.Build.0 = Release|Any CPU
		{187E4434-78EC-4DAE-B686-83295105AE9A}.Debug|Any CPU.ActiveCfg = Debug|Any CPU
		{187E4434-78EC-4DAE-B686-83295105AE9A}.Debug|Any CPU.Build.0 = Debug|Any CPU
		{187E4434-78EC-4DAE-B686-83295105AE9A}.Release|Any CPU.ActiveCfg = Release|Any CPU
		{187E4434-78EC-4DAE-B686-83295105AE9A}.Release|Any CPU.Build.0 = Release|Any CPU
		{ADA7D4A7-23EF-42B9-8C26-A46F1B03D9C8}.Debug|Any CPU.ActiveCfg = Debug|Any CPU
		{ADA7D4A7-23EF-42B9-8C26-A46F1B03D9C8}.Debug|Any CPU.Build.0 = Debug|Any CPU
		{ADA7D4A7-23EF-42B9-8C26-A46F1B03D9C8}.Release|Any CPU.ActiveCfg = Release|Any CPU
		{ADA7D4A7-23EF-42B9-8C26-A46F1B03D9C8}.Release|Any CPU.Build.0 = Release|Any CPU
		{7CAAB544-ADAF-41B5-AC64-6C216C5BF45E}.Debug|Any CPU.ActiveCfg = Debug|Any CPU
		{7CAAB544-ADAF-41B5-AC64-6C216C5BF45E}.Debug|Any CPU.Build.0 = Debug|Any CPU
		{7CAAB544-ADAF-41B5-AC64-6C216C5BF45E}.Release|Any CPU.ActiveCfg = Release|Any CPU
		{7CAAB544-ADAF-41B5-AC64-6C216C5BF45E}.Release|Any CPU.Build.0 = Release|Any CPU
	EndGlobalSection
	GlobalSection(SolutionProperties) = preSolution
		HideSolutionNode = FALSE
	EndGlobalSection
	GlobalSection(NestedProjects) = preSolution
		{050222CC-A9D1-4C17-B413-158F20DF3BCB} = {A75D80F3-5799-44B9-839F-0CF5950B3927}
		{0D0BE32E-05C2-465E-AE26-41E93B1B08DC} = {A75D80F3-5799-44B9-839F-0CF5950B3927}
		{A1350494-8401-49B8-8F00-FD0402197332} = {A3F3C912-3457-4BAD-BF6B-F8C06B97298D}
		{F305B71F-E38F-4BA0-9D8A-AA531733E7EB} = {431948BA-0842-4911-A83E-DFB5B9B5A4F2}
		{187E4434-78EC-4DAE-B686-83295105AE9A} = {EFDC1DC4-A1EA-4524-90E8-44E0908113F1}
		{ADA7D4A7-23EF-42B9-8C26-A46F1B03D9C8} = {0D0BE32E-05C2-465E-AE26-41E93B1B08DC}
		{7CAAB544-ADAF-41B5-AC64-6C216C5BF45E} = {050222CC-A9D1-4C17-B413-158F20DF3BCB}
	EndGlobalSection
	GlobalSection(ExtensibilityGlobals) = postSolution
		SolutionGuid = {553879A3-E1B8-4457-90D8-DC9FAA089977}
	EndGlobalSection
EndGlobal
